# This file is autogenerated, do not edit; changes may be undone by the next 'dep ensure'.


[[projects]]
  branch = "master"
  name = "github.com/araddon/gou"
  packages = ["."]
  revision = "9a11413ad5023f3b138f313727f35468591ff73b"

[[projects]]
  branch = "master"
  name = "github.com/bitly/go-hostpool"
  packages = ["."]
  revision = "c32c3660406ef1ea14936cc9282e174fe8508c42"

[[projects]]
  name = "github.com/labstack/gommon"
  packages = ["color","log"]
  revision = "1121fd3e243c202482226a7afe4dcd07ffc4139a"
  version = "v0.2.1"

[[projects]]
  branch = "master"
  name = "github.com/lytics/logrus"
  packages = ["."]
  revision = "4389a17ed024d8d196b5541116151f378705b0cc"

[[projects]]
  branch = "master"
  name = "github.com/mattbaird/elastigo"
  packages = ["lib"]
  revision = "2fe47fd29e4b70353f852ede77a196830d2924ec"

[[projects]]
  name = "github.com/mattn/go-colorable"
  packages = ["."]
  revision = "d228849504861217f796da67fae4f6e347643f15"
  version = "v0.0.7"

[[projects]]
  name = "github.com/mattn/go-isatty"
  packages = ["."]
  revision = "fc9e8d8ef48496124e79ae0df75490096eccf6fe"
  version = "v0.0.2"

[[projects]]
  branch = "master"
  name = "github.com/valyala/bytebufferpool"
  packages = ["."]
  revision = "e746df99fe4a3986f4d4f79e13c1e0117ce9c2f7"

[[projects]]
  branch = "master"
  name = "github.com/valyala/fasttemplate"
  packages = ["."]
  revision = "dcecefd839c4193db0d35b88ec65b4c12d360ab0"

[[projects]]
  branch = "master"
  name = "golang.org/x/sys"
  packages = ["unix"]
  revision = "0b25a408a50076fbbcae6b7ac0ea5fbb0b085e79"

[solve-meta]
  analyzer-name = "dep"
  analyzer-version = 1
  inputs-digest = "80b0b6def422bd6967c7103a6cf10cc21cd82e87f5d5a3bfc8fac798811a485b"
  solver-name = "gps-cdcl"
  solver-version = 1
